<?xml version="1.0" encoding="utf-8"?>
<Project ToolsVersion="4.0" xmlns="http://schemas.microsoft.com/developer/msbuild/2003">
  <ItemGroup>
    <Filter Include="Исходные файлы">
      <UniqueIdentifier>{4FC737F1-C7A5-4376-A066-2A32D752A2FF}</UniqueIdentifier>
      <Extensions>cpp;c;cc;cxx;c++;cppm;ixx;def;odl;idl;hpj;bat;asm;asmx</Extensions>
    </Filter>
    <Filter Include="Файлы заголовков">
      <UniqueIdentifier>{93995380-89BD-4b04-88EB-625FBE52EBFB}</UniqueIdentifier>
      <Extensions>h;hh;hpp;hxx;h++;hm;inl;inc;ipp;xsd</Extensions>
    </Filter>
    <Filter Include="Файлы ресурсов">
      <UniqueIdentifier>{67DA6AB6-F800-4c08-8B7A-83BB121AAD01}</UniqueIdentifier>
      <Extensions>rc;ico;cur;bmp;dlg;rc2;rct;bin;rgs;gif;jpg;jpeg;jpe;resx;tiff;tif;png;wav;mfcribbon-ms</Extensions>
    </Filter>
    <Filter Include="Исходные файлы\scheduler">
      <UniqueIdentifier>{d0ea7262-5825-4bcd-a3ce-7bbc95715241}</UniqueIdentifier>
    </Filter>
    <Filter Include="Исходные файлы\utils">
      <UniqueIdentifier>{1ff6b3f7-fcb3-4248-8ed0-1bdc2d762268}</UniqueIdentifier>
    </Filter>
    <Filter Include="Файлы заголовков\scheduler">
      <UniqueIdentifier>{08fa406b-4181-42c7-b0ef-c53d54bcb6af}</UniqueIdentifier>
    </Filter>
    <Filter Include="Файлы заголовков\utils">
      <UniqueIdentifier>{274d633b-58e9-49a6-9a80-057017110c72}</UniqueIdentifier>
    </Filter>
    <Filter Include="logs">
      <UniqueIdentifier>{cb3eac6e-c3da-4e53-82ca-2fe85e126297}</UniqueIdentifier>
    </Filter>
  </ItemGroup>
  <ItemGroup>
    <ClCompile Include="src\utils\timer.cpp">
      <Filter>Исходные файлы\utils</Filter>
    </ClCompile>
    <ClCompile Include="src\scheduler\scheduler.cpp">
      <Filter>Исходные файлы\scheduler</Filter>
    </ClCompile>
    <ClCompile Include="src\scheduler\task.cpp">
      <Filter>Исходные файлы\scheduler</Filter>
    </ClCompile>
    <ClCompile Include="src\scheduler\queue.cpp">
      <Filter>Исходные файлы\scheduler</Filter>
    </ClCompile>
    <ClCompile Include="src\utils\logger.cpp">
      <Filter>Исходные файлы\utils</Filter>
    </ClCompile>
    <ClCompile Include="src\utils\file_manager.cpp">
      <Filter>Исходные файлы\utils</Filter>
    </ClCompile>
    <ClCompile Include="src\utils\encoding_helper.cpp">
      <Filter>Исходные файлы\utils</Filter>
    </ClCompile>
    <ClCompile Include="src\main.cpp">
      <Filter>Исходные файлы</Filter>
    </ClCompile>
    <ClCompile Include="src\utils\auth_system.cpp">
      <Filter>Исходные файлы\utils</Filter>
    </ClCompile>
  </ItemGroup>
  <ItemGroup>
    <None Include="logs\users.dat">
      <Filter>logs</Filter>
    </None>
  </ItemGroup>
  <ItemGroup>
    <ClInclude Include="include\utils\timer.h">
      <Filter>Файлы заголовков\utils</Filter>
    </ClInclude>
    <ClInclude Include="include\scheduler\scheduler.h">
      <Filter>Файлы заголовков\scheduler</Filter>
    </ClInclude>
    <ClInclude Include="include\scheduler\task.h">
      <Filter>Файлы заголовков\scheduler</Filter>
    </ClInclude>
    <ClInclude Include="include\utils\logger.h">
      <Filter>Файлы заголовков\utils</Filter>
    </ClInclude>
    <ClInclude Include="include\scheduler\queue.h">
      <Filter>Файлы заголовков\scheduler</Filter>
    </ClInclude>
    <ClInclude Include="include\utils\file_manager.h">
      <Filter>Файлы заголовков\utils</Filter>
    </ClInclude>
    <ClInclude Include="include\utils\auth_system.h">
      <Filter>Файлы заголовков\utils</Filter>
    </ClInclude>
    <ClInclude Include="resource.h">
      <Filter>Файлы заголовков</Filter>
    </ClInclude>
  </ItemGroup>
  <ItemGroup>
    <Text Include="logs\application.log">
      <Filter>logs</Filter>
    </Text>
    <Text Include="logs\scheduler.log">
      <Filter>logs</Filter>
    </Text>
  </ItemGroup>
  <ItemGroup>
    <ResourceCompile Include="Resource.rc">
      <Filter>Файлы ресурсов</Filter>
    </ResourceCompile>
  </ItemGroup>
  <ItemGroup>
    <Image Include="RTOS.ico">
      <Filter>Файлы ресурсов</Filter>
    </Image>
  </ItemGroup>
</Project>